
Microsoft Visual Studio Solution File, Format Version 12.00
# Visual Studio Version 16
VisualStudioVersion = 16.0.30204.135
MinimumVisualStudioVersion = 10.0.40219.1
Project("{9A19103F-16F7-4668-BE54-9A1E7A4F7556}") = "Igtampe.BasicRender", "Igtampe.BasicRender\Igtampe.BasicRender.csproj", "{6DED9915-5768-4D6F-9022-3808BABCD41E}"
EndProject
Project("{9A19103F-16F7-4668-BE54-9A1E7A4F7556}") = "Igtampe.BasicGraphics", "Igtampe.BasicGraphics\Igtampe.BasicGraphics.csproj", "{01A80856-52B1-4AE0-AD22-EB053CEC3052}"
EndProject
Project("{9A19103F-16F7-4668-BE54-9A1E7A4F7556}") = "Igtampe.BasicFonts", "Igtampe.BasicFonts\Igtampe.BasicFonts.csproj", "{3D2E6D37-6110-4375-B7A8-041B2ECB07CA}"
EndProject
Project("{9A19103F-16F7-4668-BE54-9A1E7A4F7556}") = "Igtampe.BasicWindows", "Igtampe.BasicWindows\Igtampe.BasicWindows.csproj", "{8BB6BDE2-5D23-4B23-B6E6-3C8045CB8E9F}"
EndProject
Project("{FAE04EC0-301F-11D3-BF4B-00C04F79EFBC}") = "Igtampe.BasicFontsPackager", "Igtampe.BasicFontsPackager\Igtampe.BasicFontsPackager.csproj", "{37D7A3B7-FA70-40FF-AD3A-C1486FC1B808}"
EndProject
Project("{FAE04EC0-301F-11D3-BF4B-00C04F79EFBC}") = "Igtampe.BasicClockExample", "Igtampe.BasicClockExample\Igtampe.BasicClockExample.csproj", "{38EBFE7A-3C5E-432F-9D0F-5A5A0AC6B2AA}"
EndProject
Project("{FAE04EC0-301F-11D3-BF4B-00C04F79EFBC}") = "Example_CSharp", "BasicRenderShowcase\Example_CSharp.csproj", "{84B6FFC2-B9E9-45E2-B9A9-56C00157F845}"
EndProject
Global
	GlobalSection(SolutionConfigurationPlatforms) = preSolution
		Debug|Any CPU = Debug|Any CPU
		Release|Any CPU = Release|Any CPU
	EndGlobalSection
	GlobalSection(ProjectConfigurationPlatforms) = postSolution
		{6DED9915-5768-4D6F-9022-3808BABCD41E}.Debug|Any CPU.ActiveCfg = Debug|Any CPU
		{6DED9915-5768-4D6F-9022-3808BABCD41E}.Debug|Any CPU.Build.0 = Debug|Any CPU
		{6DED9915-5768-4D6F-9022-3808BABCD41E}.Release|Any CPU.ActiveCfg = Release|Any CPU
		{6DED9915-5768-4D6F-9022-3808BABCD41E}.Release|Any CPU.Build.0 = Release|Any CPU
		{01A80856-52B1-4AE0-AD22-EB053CEC3052}.Debug|Any CPU.ActiveCfg = Debug|Any CPU
		{01A80856-52B1-4AE0-AD22-EB053CEC3052}.Debug|Any CPU.Build.0 = Debug|Any CPU
		{01A80856-52B1-4AE0-AD22-EB053CEC3052}.Release|Any CPU.ActiveCfg = Release|Any CPU
		{01A80856-52B1-4AE0-AD22-EB053CEC3052}.Release|Any CPU.Build.0 = Release|Any CPU
		{3D2E6D37-6110-4375-B7A8-041B2ECB07CA}.Debug|Any CPU.ActiveCfg = Debug|Any CPU
		{3D2E6D37-6110-4375-B7A8-041B2ECB07CA}.Debug|Any CPU.Build.0 = Debug|Any CPU
		{3D2E6D37-6110-4375-B7A8-041B2ECB07CA}.Release|Any CPU.ActiveCfg = Release|Any CPU
		{3D2E6D37-6110-4375-B7A8-041B2ECB07CA}.Release|Any CPU.Build.0 = Release|Any CPU
		{8BB6BDE2-5D23-4B23-B6E6-3C8045CB8E9F}.Debug|Any CPU.ActiveCfg = Debug|Any CPU
		{8BB6BDE2-5D23-4B23-B6E6-3C8045CB8E9F}.Debug|Any CPU.Build.0 = Debug|Any CPU
		{8BB6BDE2-5D23-4B23-B6E6-3C8045CB8E9F}.Release|Any CPU.ActiveCfg = Release|Any CPU
		{8BB6BDE2-5D23-4B23-B6E6-3C8045CB8E9F}.Release|Any CPU.Build.0 = Release|Any CPU
		{37D7A3B7-FA70-40FF-AD3A-C1486FC1B808}.Debug|Any CPU.ActiveCfg = Debug|Any CPU
		{37D7A3B7-FA70-40FF-AD3A-C1486FC1B808}.Debug|Any CPU.Build.0 = Debug|Any CPU
		{37D7A3B7-FA70-40FF-AD3A-C1486FC1B808}.Release|Any CPU.ActiveCfg = Release|Any CPU
		{37D7A3B7-FA70-40FF-AD3A-C1486FC1B808}.Release|Any CPU.Build.0 = Release|Any CPU
		{38EBFE7A-3C5E-432F-9D0F-5A5A0AC6B2AA}.Debug|Any CPU.ActiveCfg = Debug|Any CPU
		{38EBFE7A-3C5E-432F-9D0F-5A5A0AC6B2AA}.Debug|Any CPU.Build.0 = Debug|Any CPU
		{38EBFE7A-3C5E-432F-9D0F-5A5A0AC6B2AA}.Release|Any CPU.ActiveCfg = Release|Any CPU
		{38EBFE7A-3C5E-432F-9D0F-5A5A0AC6B2AA}.Release|Any CPU.Build.0 = Release|Any CPU
		{84B6FFC2-B9E9-45E2-B9A9-56C00157F845}.Debug|Any CPU.ActiveCfg = Debug|Any CPU
		{84B6FFC2-B9E9-45E2-B9A9-56C00157F845}.Debug|Any CPU.Build.0 = Debug|Any CPU
		{84B6FFC2-B9E9-45E2-B9A9-56C00157F845}.Release|Any CPU.ActiveCfg = Release|Any CPU
		{84B6FFC2-B9E9-45E2-B9A9-56C00157F845}.Release|Any CPU.Build.0 = Release|Any CPU
	EndGlobalSection
	GlobalSection(SolutionProperties) = preSolution
		HideSolutionNode = FALSE
	EndGlobalSection
	GlobalSection(ExtensibilityGlobals) = postSolution
		SolutionGuid = {9EB03C85-A57D-41A0-B517-89C665336387}
	EndGlobalSection
EndGlobal
